{
  "nodes": {
    "flake-utils": {
      "locked": {
        "lastModified": 1667395993,
        "narHash": "sha256-nuEHfE/LcWyuSWnS8t12N1wc105Qtau+/OdUAjtQ0rA=",
        "owner": "numtide",
        "repo": "flake-utils",
        "rev": "5aed5285a952e0b949eb3ba02c12fa4fcfef535f",
        "type": "github"
      },
      "original": {
        "id": "flake-utils",
        "type": "indirect"
      }
    },
    "nixpkgs": {
      "locked": {
        "lastModified": 1674096995,
        "narHash": "sha256-/vw7At/SztpZjTeM11foA7YdOFmdwSn+ARo8oy+mlUU=",
        "ref": "refs/heads/nixpkgs-22.11-darwin",
        "rev": "676c80dcc2f0ba780c8ab204f92c5abd69fa1245",
        "revCount": 444774,
        "type": "git",
        "url": "file:/usr/local/src/nixpkgs/nixpkgs-22.11-darwin"
      },
      "original": {
        "id": "nixpkgs",
        "type": "indirect"
      }
    },
    "root": {
      "inputs": {
        "flake-utils": "flake-utils",
        "nixpkgs": "nixpkgs"
      }
    }
  },
  "root": "root",
  "version": 7
}
